
Microsoft Visual Studio Solution File, Format Version 11.00
# Visual Studio 2010
Project("{FAE04EC0-301F-11D3-BF4B-00C04F79EFBC}") = "Assembly-CSharp", "Assembly-CSharp.csproj", "{66146EA3-2D78-86DF-2519-FD2F0094148B}"
EndProject
Global
	GlobalSection(SolutionConfigurationPlatforms) = preSolution
		Debug|Any CPU = Debug|Any CPU
		Release|Any CPU = Release|Any CPU
	EndGlobalSection
	GlobalSection(ProjectConfigurationPlatforms) = postSolution
		{66146EA3-2D78-86DF-2519-FD2F0094148B}.Debug|Any CPU.ActiveCfg = Debug|Any CPU
		{66146EA3-2D78-86DF-2519-FD2F0094148B}.Debug|Any CPU.Build.0 = Debug|Any CPU
		{66146EA3-2D78-86DF-2519-FD2F0094148B}.Release|Any CPU.ActiveCfg = Release|Any CPU
		{66146EA3-2D78-86DF-2519-FD2F0094148B}.Release|Any CPU.Build.0 = Release|Any CPU
	EndGlobalSection
	GlobalSection(SolutionProperties) = preSolution
		HideSolutionNode = FALSE
	EndGlobalSection
EndGlobal
